
Microsoft Visual Studio Solution File, Format Version 12.00
# Visual Studio 14
VisualStudioVersion = 14.0.25420.1
MinimumVisualStudioVersion = 10.0.40219.1
Project("{FAE04EC0-301F-11D3-BF4B-00C04F79EFBC}") = "TestConsoleApplication", "TestConsoleApplication\TestConsoleApplication.csproj", "{7C8E3C52-5E11-4325-A5D6-F441CF0441BE}"
EndProject
Project("{FAE04EC0-301F-11D3-BF4B-00C04F79EFBC}") = "Alibaba", "Alibaba\Alibaba.csproj", "{880446FC-C5E7-4FCC-8FB0-60AD19838313}"
EndProject
Project("{FAE04EC0-301F-11D3-BF4B-00C04F79EFBC}") = "SYSPRO.Canada.Common", "..\..\..\..\..\Users\andre\Documents\Visual Studio 2015\Projects\MyFirstProject\SYSPRO.Canada\SYSPRO.Canada.Common\SYSPRO.Canada.Common.csproj", "{44CBE924-6A5B-4771-876C-53EC19F48B56}"
EndProject
Project("{FAE04EC0-301F-11D3-BF4B-00C04F79EFBC}") = "SYSPRO.Canada.Utilities", "..\..\..\..\..\Users\andre\Documents\Visual Studio 2015\Projects\MyFirstProject\SYSPRO.Canada\SYSPRO.Canada.Utilities\SYSPRO.Canada.Utilities.csproj", "{12DABB7D-ED1A-44A7-B701-476411ABC262}"
EndProject
Project("{FAE04EC0-301F-11D3-BF4B-00C04F79EFBC}") = "Utilities", "Utilities\Utilities.csproj", "{957AEF04-41DF-40F1-BDBD-33A49448F646}"
EndProject
Project("{FAE04EC0-301F-11D3-BF4B-00C04F79EFBC}") = "OpenWebpages", "OpenWebpages\OpenWebpages.csproj", "{7C0C1DBC-38D3-4648-970F-1798708FB16D}"
EndProject
Project("{FAE04EC0-301F-11D3-BF4B-00C04F79EFBC}") = "TestWebdriver", "TestWebdriver\TestWebdriver.csproj", "{1BC00422-7AE8-424A-9D60-EB06477005ED}"
EndProject
Project("{FAE04EC0-301F-11D3-BF4B-00C04F79EFBC}") = "SaveSupplierPages", "SaveSupplierPages\SaveSupplierPages.csproj", "{9E6B4BDE-9C0C-4D9A-B6D9-2EE05FBE0EDA}"
EndProject
Project("{FAE04EC0-301F-11D3-BF4B-00C04F79EFBC}") = "PollEmails", "PollEmails\PollEmails.csproj", "{696DA08D-9F8C-40C8-AD4D-F61EA54D49C0}"
EndProject
Project("{FAE04EC0-301F-11D3-BF4B-00C04F79EFBC}") = "PollBusinessCards", "PollBusinessCards\PollBusinessCards.csproj", "{4021BC9F-9F32-4348-8ADB-5B7F30241057}"
EndProject
Project("{FAE04EC0-301F-11D3-BF4B-00C04F79EFBC}") = "SendingMessage", "SendingMessage\SendingMessage.csproj", "{DFFA3291-44FB-426E-8EF9-FEDD7209BE83}"
EndProject
Project("{FAE04EC0-301F-11D3-BF4B-00C04F79EFBC}") = "PollSuppliers2", "PollSuppliers2\PollSuppliers2.csproj", "{78F60CA7-3BF2-4031-AACC-BFAA4E80F45B}"
EndProject
Project("{FAE04EC0-301F-11D3-BF4B-00C04F79EFBC}") = "PollSuppliers", "PollSuppliers\PollSuppliers.csproj", "{5615A5D5-3679-4E77-AB80-218DECACCA9D}"
EndProject
Project("{FAE04EC0-301F-11D3-BF4B-00C04F79EFBC}") = "PollingSupplierCategories", "PollingSupplierCategories\PollingSupplierCategories.csproj", "{32780E08-CCAA-4604-9563-26735CD0793E}"
EndProject
Project("{FAE04EC0-301F-11D3-BF4B-00C04F79EFBC}") = "SendingAndPolling", "SendingAndPolling\SendingAndPolling.csproj", "{10A7CFF6-DD25-428F-9C7E-4D3F09221F2A}"
EndProject
Project("{FAE04EC0-301F-11D3-BF4B-00C04F79EFBC}") = "PollSupplierFromBusinessCard", "PollSupplierFromBusinessCard\PollSupplierFromBusinessCard.csproj", "{C622CB84-0D1E-4AC8-8E30-6A61525C5BDB}"
EndProject
Project("{FAE04EC0-301F-11D3-BF4B-00C04F79EFBC}") = "WebsiteDump", "WebsiteDump\WebsiteDump.csproj", "{6CAEBCBE-8AD9-49A6-A08D-8880B5E11195}"
EndProject
Project("{FAE04EC0-301F-11D3-BF4B-00C04F79EFBC}") = "DumpWebsite", "DumpWebsite\DumpWebsite.csproj", "{0621A648-97DE-4728-87A3-2B96416D7AE7}"
EndProject
Project("{FAE04EC0-301F-11D3-BF4B-00C04F79EFBC}") = "CheckingLogin", "CheckingLogin\CheckingLogin.csproj", "{9B52380F-3991-40B3-B265-027EE5257422}"
EndProject
Project("{FAE04EC0-301F-11D3-BF4B-00C04F79EFBC}") = "PollHotel", "PollHotel\PollHotel.csproj", "{8510E415-54BF-4AA0-B38D-70D6EB9EAA0E}"
EndProject
Project("{FAE04EC0-301F-11D3-BF4B-00C04F79EFBC}") = "Amazon", "Amazon\Amazon.csproj", "{58654BFA-F12F-4B0D-971D-D1E1FCC44BB6}"
EndProject
Project("{FAE04EC0-301F-11D3-BF4B-00C04F79EFBC}") = "SendingEmails", "SendingEmails\SendingEmails.csproj", "{56B3D5FB-198A-4137-8505-A66CCE020994}"
EndProject
Project("{FAE04EC0-301F-11D3-BF4B-00C04F79EFBC}") = "Google", "Google\Google.csproj", "{3B1E70B8-033E-406D-A211-320FE5CA9BBC}"
EndProject
Project("{FAE04EC0-301F-11D3-BF4B-00C04F79EFBC}") = "TestGoogle", "TestGoogle\TestGoogle.csproj", "{4DBC7341-92A7-4561-B15D-30C4997D6591}"
EndProject
Project("{FAE04EC0-301F-11D3-BF4B-00C04F79EFBC}") = "ProcessProgram", "ProcessProgram\ProcessProgram.csproj", "{5096AD4B-C7A0-4D7C-A400-003A1A4781A8}"
EndProject
Project("{FAE04EC0-301F-11D3-BF4B-00C04F79EFBC}") = "ProcessSample", "ProcessSample\ProcessSample.csproj", "{1C9263DD-968F-43F3-B245-0A9A5F97A50D}"
EndProject
Global
	GlobalSection(SolutionConfigurationPlatforms) = preSolution
		Debug|Any CPU = Debug|Any CPU
		Debug|x64 = Debug|x64
		Release|Any CPU = Release|Any CPU
		Release|x64 = Release|x64
	EndGlobalSection
	GlobalSection(ProjectConfigurationPlatforms) = postSolution
		{7C8E3C52-5E11-4325-A5D6-F441CF0441BE}.Debug|Any CPU.ActiveCfg = Debug|Any CPU
		{7C8E3C52-5E11-4325-A5D6-F441CF0441BE}.Debug|Any CPU.Build.0 = Debug|Any CPU
		{7C8E3C52-5E11-4325-A5D6-F441CF0441BE}.Debug|x64.ActiveCfg = Debug|Any CPU
		{7C8E3C52-5E11-4325-A5D6-F441CF0441BE}.Debug|x64.Build.0 = Debug|Any CPU
		{7C8E3C52-5E11-4325-A5D6-F441CF0441BE}.Release|Any CPU.ActiveCfg = Release|Any CPU
		{7C8E3C52-5E11-4325-A5D6-F441CF0441BE}.Release|Any CPU.Build.0 = Release|Any CPU
		{7C8E3C52-5E11-4325-A5D6-F441CF0441BE}.Release|x64.ActiveCfg = Release|Any CPU
		{7C8E3C52-5E11-4325-A5D6-F441CF0441BE}.Release|x64.Build.0 = Release|Any CPU
		{880446FC-C5E7-4FCC-8FB0-60AD19838313}.Debug|Any CPU.ActiveCfg = Debug|Any CPU
		{880446FC-C5E7-4FCC-8FB0-60AD19838313}.Debug|Any CPU.Build.0 = Debug|Any CPU
		{880446FC-C5E7-4FCC-8FB0-60AD19838313}.Debug|x64.ActiveCfg = Debug|Any CPU
		{880446FC-C5E7-4FCC-8FB0-60AD19838313}.Debug|x64.Build.0 = Debug|Any CPU
		{880446FC-C5E7-4FCC-8FB0-60AD19838313}.Release|Any CPU.ActiveCfg = Release|Any CPU
		{880446FC-C5E7-4FCC-8FB0-60AD19838313}.Release|Any CPU.Build.0 = Release|Any CPU
		{880446FC-C5E7-4FCC-8FB0-60AD19838313}.Release|x64.ActiveCfg = Release|Any CPU
		{880446FC-C5E7-4FCC-8FB0-60AD19838313}.Release|x64.Build.0 = Release|Any CPU
		{44CBE924-6A5B-4771-876C-53EC19F48B56}.Debug|Any CPU.ActiveCfg = Debug|Any CPU
		{44CBE924-6A5B-4771-876C-53EC19F48B56}.Debug|Any CPU.Build.0 = Debug|Any CPU
		{44CBE924-6A5B-4771-876C-53EC19F48B56}.Debug|x64.ActiveCfg = Debug|x64
		{44CBE924-6A5B-4771-876C-53EC19F48B56}.Debug|x64.Build.0 = Debug|x64
		{44CBE924-6A5B-4771-876C-53EC19F48B56}.Release|Any CPU.ActiveCfg = Release|Any CPU
		{44CBE924-6A5B-4771-876C-53EC19F48B56}.Release|Any CPU.Build.0 = Release|Any CPU
		{44CBE924-6A5B-4771-876C-53EC19F48B56}.Release|x64.ActiveCfg = Release|x64
		{44CBE924-6A5B-4771-876C-53EC19F48B56}.Release|x64.Build.0 = Release|x64
		{12DABB7D-ED1A-44A7-B701-476411ABC262}.Debug|Any CPU.ActiveCfg = Debug|Any CPU
		{12DABB7D-ED1A-44A7-B701-476411ABC262}.Debug|Any CPU.Build.0 = Debug|Any CPU
		{12DABB7D-ED1A-44A7-B701-476411ABC262}.Debug|x64.ActiveCfg = Debug|x64
		{12DABB7D-ED1A-44A7-B701-476411ABC262}.Debug|x64.Build.0 = Debug|x64
		{12DABB7D-ED1A-44A7-B701-476411ABC262}.Release|Any CPU.ActiveCfg = Release|Any CPU
		{12DABB7D-ED1A-44A7-B701-476411ABC262}.Release|Any CPU.Build.0 = Release|Any CPU
		{12DABB7D-ED1A-44A7-B701-476411ABC262}.Release|x64.ActiveCfg = Release|x64
		{12DABB7D-ED1A-44A7-B701-476411ABC262}.Release|x64.Build.0 = Release|x64
		{957AEF04-41DF-40F1-BDBD-33A49448F646}.Debug|Any CPU.ActiveCfg = Debug|Any CPU
		{957AEF04-41DF-40F1-BDBD-33A49448F646}.Debug|Any CPU.Build.0 = Debug|Any CPU
		{957AEF04-41DF-40F1-BDBD-33A49448F646}.Debug|x64.ActiveCfg = Debug|Any CPU
		{957AEF04-41DF-40F1-BDBD-33A49448F646}.Debug|x64.Build.0 = Debug|Any CPU
		{957AEF04-41DF-40F1-BDBD-33A49448F646}.Release|Any CPU.ActiveCfg = Release|Any CPU
		{957AEF04-41DF-40F1-BDBD-33A49448F646}.Release|Any CPU.Build.0 = Release|Any CPU
		{957AEF04-41DF-40F1-BDBD-33A49448F646}.Release|x64.ActiveCfg = Release|Any CPU
		{957AEF04-41DF-40F1-BDBD-33A49448F646}.Release|x64.Build.0 = Release|Any CPU
		{7C0C1DBC-38D3-4648-970F-1798708FB16D}.Debug|Any CPU.ActiveCfg = Debug|Any CPU
		{7C0C1DBC-38D3-4648-970F-1798708FB16D}.Debug|Any CPU.Build.0 = Debug|Any CPU
		{7C0C1DBC-38D3-4648-970F-1798708FB16D}.Debug|x64.ActiveCfg = Debug|Any CPU
		{7C0C1DBC-38D3-4648-970F-1798708FB16D}.Debug|x64.Build.0 = Debug|Any CPU
		{7C0C1DBC-38D3-4648-970F-1798708FB16D}.Release|Any CPU.ActiveCfg = Release|Any CPU
		{7C0C1DBC-38D3-4648-970F-1798708FB16D}.Release|Any CPU.Build.0 = Release|Any CPU
		{7C0C1DBC-38D3-4648-970F-1798708FB16D}.Release|x64.ActiveCfg = Release|Any CPU
		{7C0C1DBC-38D3-4648-970F-1798708FB16D}.Release|x64.Build.0 = Release|Any CPU
		{1BC00422-7AE8-424A-9D60-EB06477005ED}.Debug|Any CPU.ActiveCfg = Debug|Any CPU
		{1BC00422-7AE8-424A-9D60-EB06477005ED}.Debug|Any CPU.Build.0 = Debug|Any CPU
		{1BC00422-7AE8-424A-9D60-EB06477005ED}.Debug|x64.ActiveCfg = Debug|Any CPU
		{1BC00422-7AE8-424A-9D60-EB06477005ED}.Debug|x64.Build.0 = Debug|Any CPU
		{1BC00422-7AE8-424A-9D60-EB06477005ED}.Release|Any CPU.ActiveCfg = Release|Any CPU
		{1BC00422-7AE8-424A-9D60-EB06477005ED}.Release|Any CPU.Build.0 = Release|Any CPU
		{1BC00422-7AE8-424A-9D60-EB06477005ED}.Release|x64.ActiveCfg = Release|Any CPU
		{1BC00422-7AE8-424A-9D60-EB06477005ED}.Release|x64.Build.0 = Release|Any CPU
		{9E6B4BDE-9C0C-4D9A-B6D9-2EE05FBE0EDA}.Debug|Any CPU.ActiveCfg = Debug|Any CPU
		{9E6B4BDE-9C0C-4D9A-B6D9-2EE05FBE0EDA}.Debug|Any CPU.Build.0 = Debug|Any CPU
		{9E6B4BDE-9C0C-4D9A-B6D9-2EE05FBE0EDA}.Debug|x64.ActiveCfg = Debug|Any CPU
		{9E6B4BDE-9C0C-4D9A-B6D9-2EE05FBE0EDA}.Debug|x64.Build.0 = Debug|Any CPU
		{9E6B4BDE-9C0C-4D9A-B6D9-2EE05FBE0EDA}.Release|Any CPU.ActiveCfg = Release|Any CPU
		{9E6B4BDE-9C0C-4D9A-B6D9-2EE05FBE0EDA}.Release|Any CPU.Build.0 = Release|Any CPU
		{9E6B4BDE-9C0C-4D9A-B6D9-2EE05FBE0EDA}.Release|x64.ActiveCfg = Release|Any CPU
		{9E6B4BDE-9C0C-4D9A-B6D9-2EE05FBE0EDA}.Release|x64.Build.0 = Release|Any CPU
		{696DA08D-9F8C-40C8-AD4D-F61EA54D49C0}.Debug|Any CPU.ActiveCfg = Debug|Any CPU
		{696DA08D-9F8C-40C8-AD4D-F61EA54D49C0}.Debug|Any CPU.Build.0 = Debug|Any CPU
		{696DA08D-9F8C-40C8-AD4D-F61EA54D49C0}.Debug|x64.ActiveCfg = Debug|Any CPU
		{696DA08D-9F8C-40C8-AD4D-F61EA54D49C0}.Debug|x64.Build.0 = Debug|Any CPU
		{696DA08D-9F8C-40C8-AD4D-F61EA54D49C0}.Release|Any CPU.ActiveCfg = Release|Any CPU
		{696DA08D-9F8C-40C8-AD4D-F61EA54D49C0}.Release|Any CPU.Build.0 = Release|Any CPU
		{696DA08D-9F8C-40C8-AD4D-F61EA54D49C0}.Release|x64.ActiveCfg = Release|Any CPU
		{696DA08D-9F8C-40C8-AD4D-F61EA54D49C0}.Release|x64.Build.0 = Release|Any CPU
		{4021BC9F-9F32-4348-8ADB-5B7F30241057}.Debug|Any CPU.ActiveCfg = Debug|Any CPU
		{4021BC9F-9F32-4348-8ADB-5B7F30241057}.Debug|Any CPU.Build.0 = Debug|Any CPU
		{4021BC9F-9F32-4348-8ADB-5B7F30241057}.Debug|x64.ActiveCfg = Debug|Any CPU
		{4021BC9F-9F32-4348-8ADB-5B7F30241057}.Debug|x64.Build.0 = Debug|Any CPU
		{4021BC9F-9F32-4348-8ADB-5B7F30241057}.Release|Any CPU.ActiveCfg = Release|Any CPU
		{4021BC9F-9F32-4348-8ADB-5B7F30241057}.Release|Any CPU.Build.0 = Release|Any CPU
		{4021BC9F-9F32-4348-8ADB-5B7F30241057}.Release|x64.ActiveCfg = Release|Any CPU
		{4021BC9F-9F32-4348-8ADB-5B7F30241057}.Release|x64.Build.0 = Release|Any CPU
		{DFFA3291-44FB-426E-8EF9-FEDD7209BE83}.Debug|Any CPU.ActiveCfg = Debug|Any CPU
		{DFFA3291-44FB-426E-8EF9-FEDD7209BE83}.Debug|Any CPU.Build.0 = Debug|Any CPU
		{DFFA3291-44FB-426E-8EF9-FEDD7209BE83}.Debug|x64.ActiveCfg = Debug|Any CPU
		{DFFA3291-44FB-426E-8EF9-FEDD7209BE83}.Debug|x64.Build.0 = Debug|Any CPU
		{DFFA3291-44FB-426E-8EF9-FEDD7209BE83}.Release|Any CPU.ActiveCfg = Release|Any CPU
		{DFFA3291-44FB-426E-8EF9-FEDD7209BE83}.Release|Any CPU.Build.0 = Release|Any CPU
		{DFFA3291-44FB-426E-8EF9-FEDD7209BE83}.Release|x64.ActiveCfg = Release|Any CPU
		{DFFA3291-44FB-426E-8EF9-FEDD7209BE83}.Release|x64.Build.0 = Release|Any CPU
		{78F60CA7-3BF2-4031-AACC-BFAA4E80F45B}.Debug|Any CPU.ActiveCfg = Debug|Any CPU
		{78F60CA7-3BF2-4031-AACC-BFAA4E80F45B}.Debug|Any CPU.Build.0 = Debug|Any CPU
		{78F60CA7-3BF2-4031-AACC-BFAA4E80F45B}.Debug|x64.ActiveCfg = Debug|Any CPU
		{78F60CA7-3BF2-4031-AACC-BFAA4E80F45B}.Debug|x64.Build.0 = Debug|Any CPU
		{78F60CA7-3BF2-4031-AACC-BFAA4E80F45B}.Release|Any CPU.ActiveCfg = Release|Any CPU
		{78F60CA7-3BF2-4031-AACC-BFAA4E80F45B}.Release|Any CPU.Build.0 = Release|Any CPU
		{78F60CA7-3BF2-4031-AACC-BFAA4E80F45B}.Release|x64.ActiveCfg = Release|Any CPU
		{78F60CA7-3BF2-4031-AACC-BFAA4E80F45B}.Release|x64.Build.0 = Release|Any CPU
		{5615A5D5-3679-4E77-AB80-218DECACCA9D}.Debug|Any CPU.ActiveCfg = Debug|Any CPU
		{5615A5D5-3679-4E77-AB80-218DECACCA9D}.Debug|Any CPU.Build.0 = Debug|Any CPU
		{5615A5D5-3679-4E77-AB80-218DECACCA9D}.Debug|x64.ActiveCfg = Debug|Any CPU
		{5615A5D5-3679-4E77-AB80-218DECACCA9D}.Debug|x64.Build.0 = Debug|Any CPU
		{5615A5D5-3679-4E77-AB80-218DECACCA9D}.Release|Any CPU.ActiveCfg = Release|Any CPU
		{5615A5D5-3679-4E77-AB80-218DECACCA9D}.Release|Any CPU.Build.0 = Release|Any CPU
		{5615A5D5-3679-4E77-AB80-218DECACCA9D}.Release|x64.ActiveCfg = Release|Any CPU
		{5615A5D5-3679-4E77-AB80-218DECACCA9D}.Release|x64.Build.0 = Release|Any CPU
		{32780E08-CCAA-4604-9563-26735CD0793E}.Debug|Any CPU.ActiveCfg = Debug|Any CPU
		{32780E08-CCAA-4604-9563-26735CD0793E}.Debug|Any CPU.Build.0 = Debug|Any CPU
		{32780E08-CCAA-4604-9563-26735CD0793E}.Debug|x64.ActiveCfg = Debug|Any CPU
		{32780E08-CCAA-4604-9563-26735CD0793E}.Debug|x64.Build.0 = Debug|Any CPU
		{32780E08-CCAA-4604-9563-26735CD0793E}.Release|Any CPU.ActiveCfg = Release|Any CPU
		{32780E08-CCAA-4604-9563-26735CD0793E}.Release|Any CPU.Build.0 = Release|Any CPU
		{32780E08-CCAA-4604-9563-26735CD0793E}.Release|x64.ActiveCfg = Release|Any CPU
		{32780E08-CCAA-4604-9563-26735CD0793E}.Release|x64.Build.0 = Release|Any CPU
		{10A7CFF6-DD25-428F-9C7E-4D3F09221F2A}.Debug|Any CPU.ActiveCfg = Debug|Any CPU
		{10A7CFF6-DD25-428F-9C7E-4D3F09221F2A}.Debug|Any CPU.Build.0 = Debug|Any CPU
		{10A7CFF6-DD25-428F-9C7E-4D3F09221F2A}.Debug|x64.ActiveCfg = Debug|Any CPU
		{10A7CFF6-DD25-428F-9C7E-4D3F09221F2A}.Debug|x64.Build.0 = Debug|Any CPU
		{10A7CFF6-DD25-428F-9C7E-4D3F09221F2A}.Release|Any CPU.ActiveCfg = Release|Any CPU
		{10A7CFF6-DD25-428F-9C7E-4D3F09221F2A}.Release|Any CPU.Build.0 = Release|Any CPU
		{10A7CFF6-DD25-428F-9C7E-4D3F09221F2A}.Release|x64.ActiveCfg = Release|Any CPU
		{10A7CFF6-DD25-428F-9C7E-4D3F09221F2A}.Release|x64.Build.0 = Release|Any CPU
		{C622CB84-0D1E-4AC8-8E30-6A61525C5BDB}.Debug|Any CPU.ActiveCfg = Debug|Any CPU
		{C622CB84-0D1E-4AC8-8E30-6A61525C5BDB}.Debug|Any CPU.Build.0 = Debug|Any CPU
		{C622CB84-0D1E-4AC8-8E30-6A61525C5BDB}.Debug|x64.ActiveCfg = Debug|Any CPU
		{C622CB84-0D1E-4AC8-8E30-6A61525C5BDB}.Debug|x64.Build.0 = Debug|Any CPU
		{C622CB84-0D1E-4AC8-8E30-6A61525C5BDB}.Release|Any CPU.ActiveCfg = Release|Any CPU
		{C622CB84-0D1E-4AC8-8E30-6A61525C5BDB}.Release|Any CPU.Build.0 = Release|Any CPU
		{C622CB84-0D1E-4AC8-8E30-6A61525C5BDB}.Release|x64.ActiveCfg = Release|Any CPU
		{C622CB84-0D1E-4AC8-8E30-6A61525C5BDB}.Release|x64.Build.0 = Release|Any CPU
		{6CAEBCBE-8AD9-49A6-A08D-8880B5E11195}.Debug|Any CPU.ActiveCfg = Debug|Any CPU
		{6CAEBCBE-8AD9-49A6-A08D-8880B5E11195}.Debug|Any CPU.Build.0 = Debug|Any CPU
		{6CAEBCBE-8AD9-49A6-A08D-8880B5E11195}.Debug|x64.ActiveCfg = Debug|Any CPU
		{6CAEBCBE-8AD9-49A6-A08D-8880B5E11195}.Debug|x64.Build.0 = Debug|Any CPU
		{6CAEBCBE-8AD9-49A6-A08D-8880B5E11195}.Release|Any CPU.ActiveCfg = Release|Any CPU
		{6CAEBCBE-8AD9-49A6-A08D-8880B5E11195}.Release|Any CPU.Build.0 = Release|Any CPU
		{6CAEBCBE-8AD9-49A6-A08D-8880B5E11195}.Release|x64.ActiveCfg = Release|Any CPU
		{6CAEBCBE-8AD9-49A6-A08D-8880B5E11195}.Release|x64.Build.0 = Release|Any CPU
		{0621A648-97DE-4728-87A3-2B96416D7AE7}.Debug|Any CPU.ActiveCfg = Debug|Any CPU
		{0621A648-97DE-4728-87A3-2B96416D7AE7}.Debug|Any CPU.Build.0 = Debug|Any CPU
		{0621A648-97DE-4728-87A3-2B96416D7AE7}.Debug|x64.ActiveCfg = Debug|Any CPU
		{0621A648-97DE-4728-87A3-2B96416D7AE7}.Debug|x64.Build.0 = Debug|Any CPU
		{0621A648-97DE-4728-87A3-2B96416D7AE7}.Release|Any CPU.ActiveCfg = Release|Any CPU
		{0621A648-97DE-4728-87A3-2B96416D7AE7}.Release|Any CPU.Build.0 = Release|Any CPU
		{0621A648-97DE-4728-87A3-2B96416D7AE7}.Release|x64.ActiveCfg = Release|Any CPU
		{0621A648-97DE-4728-87A3-2B96416D7AE7}.Release|x64.Build.0 = Release|Any CPU
		{9B52380F-3991-40B3-B265-027EE5257422}.Debug|Any CPU.ActiveCfg = Debug|Any CPU
		{9B52380F-3991-40B3-B265-027EE5257422}.Debug|Any CPU.Build.0 = Debug|Any CPU
		{9B52380F-3991-40B3-B265-027EE5257422}.Debug|x64.ActiveCfg = Debug|Any CPU
		{9B52380F-3991-40B3-B265-027EE5257422}.Debug|x64.Build.0 = Debug|Any CPU
		{9B52380F-3991-40B3-B265-027EE5257422}.Release|Any CPU.ActiveCfg = Release|Any CPU
		{9B52380F-3991-40B3-B265-027EE5257422}.Release|Any CPU.Build.0 = Release|Any CPU
		{9B52380F-3991-40B3-B265-027EE5257422}.Release|x64.ActiveCfg = Release|Any CPU
		{9B52380F-3991-40B3-B265-027EE5257422}.Release|x64.Build.0 = Release|Any CPU
		{8510E415-54BF-4AA0-B38D-70D6EB9EAA0E}.Debug|Any CPU.ActiveCfg = Debug|Any CPU
		{8510E415-54BF-4AA0-B38D-70D6EB9EAA0E}.Debug|Any CPU.Build.0 = Debug|Any CPU
		{8510E415-54BF-4AA0-B38D-70D6EB9EAA0E}.Debug|x64.ActiveCfg = Debug|Any CPU
		{8510E415-54BF-4AA0-B38D-70D6EB9EAA0E}.Debug|x64.Build.0 = Debug|Any CPU
		{8510E415-54BF-4AA0-B38D-70D6EB9EAA0E}.Release|Any CPU.ActiveCfg = Release|Any CPU
		{8510E415-54BF-4AA0-B38D-70D6EB9EAA0E}.Release|Any CPU.Build.0 = Release|Any CPU
		{8510E415-54BF-4AA0-B38D-70D6EB9EAA0E}.Release|x64.ActiveCfg = Release|Any CPU
		{8510E415-54BF-4AA0-B38D-70D6EB9EAA0E}.Release|x64.Build.0 = Release|Any CPU
		{58654BFA-F12F-4B0D-971D-D1E1FCC44BB6}.Debug|Any CPU.ActiveCfg = Debug|Any CPU
		{58654BFA-F12F-4B0D-971D-D1E1FCC44BB6}.Debug|Any CPU.Build.0 = Debug|Any CPU
		{58654BFA-F12F-4B0D-971D-D1E1FCC44BB6}.Debug|x64.ActiveCfg = Debug|Any CPU
		{58654BFA-F12F-4B0D-971D-D1E1FCC44BB6}.Debug|x64.Build.0 = Debug|Any CPU
		{58654BFA-F12F-4B0D-971D-D1E1FCC44BB6}.Release|Any CPU.ActiveCfg = Release|Any CPU
		{58654BFA-F12F-4B0D-971D-D1E1FCC44BB6}.Release|Any CPU.Build.0 = Release|Any CPU
		{58654BFA-F12F-4B0D-971D-D1E1FCC44BB6}.Release|x64.ActiveCfg = Release|Any CPU
		{58654BFA-F12F-4B0D-971D-D1E1FCC44BB6}.Release|x64.Build.0 = Release|Any CPU
		{56B3D5FB-198A-4137-8505-A66CCE020994}.Debug|Any CPU.ActiveCfg = Debug|Any CPU
		{56B3D5FB-198A-4137-8505-A66CCE020994}.Debug|Any CPU.Build.0 = Debug|Any CPU
		{56B3D5FB-198A-4137-8505-A66CCE020994}.Debug|x64.ActiveCfg = Debug|Any CPU
		{56B3D5FB-198A-4137-8505-A66CCE020994}.Debug|x64.Build.0 = Debug|Any CPU
		{56B3D5FB-198A-4137-8505-A66CCE020994}.Release|Any CPU.ActiveCfg = Release|Any CPU
		{56B3D5FB-198A-4137-8505-A66CCE020994}.Release|Any CPU.Build.0 = Release|Any CPU
		{56B3D5FB-198A-4137-8505-A66CCE020994}.Release|x64.ActiveCfg = Release|Any CPU
		{56B3D5FB-198A-4137-8505-A66CCE020994}.Release|x64.Build.0 = Release|Any CPU
		{3B1E70B8-033E-406D-A211-320FE5CA9BBC}.Debug|Any CPU.ActiveCfg = Debug|Any CPU
		{3B1E70B8-033E-406D-A211-320FE5CA9BBC}.Debug|Any CPU.Build.0 = Debug|Any CPU
		{3B1E70B8-033E-406D-A211-320FE5CA9BBC}.Debug|x64.ActiveCfg = Debug|Any CPU
		{3B1E70B8-033E-406D-A211-320FE5CA9BBC}.Debug|x64.Build.0 = Debug|Any CPU
		{3B1E70B8-033E-406D-A211-320FE5CA9BBC}.Release|Any CPU.ActiveCfg = Release|Any CPU
		{3B1E70B8-033E-406D-A211-320FE5CA9BBC}.Release|Any CPU.Build.0 = Release|Any CPU
		{3B1E70B8-033E-406D-A211-320FE5CA9BBC}.Release|x64.ActiveCfg = Release|Any CPU
		{3B1E70B8-033E-406D-A211-320FE5CA9BBC}.Release|x64.Build.0 = Release|Any CPU
		{4DBC7341-92A7-4561-B15D-30C4997D6591}.Debug|Any CPU.ActiveCfg = Debug|Any CPU
		{4DBC7341-92A7-4561-B15D-30C4997D6591}.Debug|Any CPU.Build.0 = Debug|Any CPU
		{4DBC7341-92A7-4561-B15D-30C4997D6591}.Debug|x64.ActiveCfg = Debug|Any CPU
		{4DBC7341-92A7-4561-B15D-30C4997D6591}.Debug|x64.Build.0 = Debug|Any CPU
		{4DBC7341-92A7-4561-B15D-30C4997D6591}.Release|Any CPU.ActiveCfg = Release|Any CPU
		{4DBC7341-92A7-4561-B15D-30C4997D6591}.Release|Any CPU.Build.0 = Release|Any CPU
		{4DBC7341-92A7-4561-B15D-30C4997D6591}.Release|x64.ActiveCfg = Release|Any CPU
		{4DBC7341-92A7-4561-B15D-30C4997D6591}.Release|x64.Build.0 = Release|Any CPU
		{5096AD4B-C7A0-4D7C-A400-003A1A4781A8}.Debug|Any CPU.ActiveCfg = Debug|Any CPU
		{5096AD4B-C7A0-4D7C-A400-003A1A4781A8}.Debug|Any CPU.Build.0 = Debug|Any CPU
		{5096AD4B-C7A0-4D7C-A400-003A1A4781A8}.Debug|x64.ActiveCfg = Debug|Any CPU
		{5096AD4B-C7A0-4D7C-A400-003A1A4781A8}.Debug|x64.Build.0 = Debug|Any CPU
		{5096AD4B-C7A0-4D7C-A400-003A1A4781A8}.Release|Any CPU.ActiveCfg = Release|Any CPU
		{5096AD4B-C7A0-4D7C-A400-003A1A4781A8}.Release|Any CPU.Build.0 = Release|Any CPU
		{5096AD4B-C7A0-4D7C-A400-003A1A4781A8}.Release|x64.ActiveCfg = Release|Any CPU
		{5096AD4B-C7A0-4D7C-A400-003A1A4781A8}.Release|x64.Build.0 = Release|Any CPU
		{1C9263DD-968F-43F3-B245-0A9A5F97A50D}.Debug|Any CPU.ActiveCfg = Debug|Any CPU
		{1C9263DD-968F-43F3-B245-0A9A5F97A50D}.Debug|Any CPU.Build.0 = Debug|Any CPU
		{1C9263DD-968F-43F3-B245-0A9A5F97A50D}.Debug|x64.ActiveCfg = Debug|Any CPU
		{1C9263DD-968F-43F3-B245-0A9A5F97A50D}.Debug|x64.Build.0 = Debug|Any CPU
		{1C9263DD-968F-43F3-B245-0A9A5F97A50D}.Release|Any CPU.ActiveCfg = Release|Any CPU
		{1C9263DD-968F-43F3-B245-0A9A5F97A50D}.Release|Any CPU.Build.0 = Release|Any CPU
		{1C9263DD-968F-43F3-B245-0A9A5F97A50D}.Release|x64.ActiveCfg = Release|Any CPU
		{1C9263DD-968F-43F3-B245-0A9A5F97A50D}.Release|x64.Build.0 = Release|Any CPU
	EndGlobalSection
	GlobalSection(SolutionProperties) = preSolution
		HideSolutionNode = FALSE
	EndGlobalSection
EndGlobal
